
Microsoft Visual Studio Solution File, Format Version 12.00
# Visual Studio Version 17
VisualStudioVersion = 17.6.33829.357
MinimumVisualStudioVersion = 10.0.40219.1
Project("{8BC9CEB8-8B4A-11D0-8D11-00A0C91BC942}") = "Project2", "Project2\Project2.vcxproj", "{C010F0E8-3B9A-43D6-A5E5-19FA07E669E2}"
EndProject
Global
	GlobalSection(SolutionConfigurationPlatforms) = preSolution
		Debug|x64 = Debug|x64
		Debug|x86 = Debug|x86
		Release|x64 = Release|x64
		Release|x86 = Release|x86
	EndGlobalSection
	GlobalSection(ProjectConfigurationPlatforms) = postSolution
		{C010F0E8-3B9A-43D6-A5E5-19FA07E669E2}.Debug|x64.ActiveCfg = Debug|x64
		{C010F0E8-3B9A-43D6-A5E5-19FA07E669E2}.Debug|x64.Build.0 = Debug|x64
		{C010F0E8-3B9A-43D6-A5E5-19FA07E669E2}.Debug|x86.ActiveCfg = Debug|Win32
		{C010F0E8-3B9A-43D6-A5E5-19FA07E669E2}.Debug|x86.Build.0 = Debug|Win32
		{C010F0E8-3B9A-43D6-A5E5-19FA07E669E2}.Release|x64.ActiveCfg = Release|x64
		{C010F0E8-3B9A-43D6-A5E5-19FA07E669E2}.Release|x64.Build.0 = Release|x64
		{C010F0E8-3B9A-43D6-A5E5-19FA07E669E2}.Release|x86.ActiveCfg = Release|Win32
		{C010F0E8-3B9A-43D6-A5E5-19FA07E669E2}.Release|x86.Build.0 = Release|Win32
	EndGlobalSection
	GlobalSection(SolutionProperties) = preSolution
		HideSolutionNode = FALSE
	EndGlobalSection
	GlobalSection(ExtensibilityGlobals) = postSolution
		SolutionGuid = {184B43B8-ACF6-4D68-BA7B-7A1B8CAC6206}
	EndGlobalSection
EndGlobal
